
Microsoft Visual Studio Solution File, Format Version 12.00
# Visual Studio Version 17
VisualStudioVersion = 17.0.31903.59
MinimumVisualStudioVersion = 10.0.40219.1
Project("{2150E333-8FDC-42A3-9474-1A3956D46DE8}") = "src", "src", "{5AAD8A4E-2257-497E-9672-DCBEBD843548}"
EndProject
Project("{2150E333-8FDC-42A3-9474-1A3956D46DE8}") = "test", "test", "{485872BE-FBD2-47BE-A5AC-8C7FF4971D47}"
EndProject
Project("{FAE04EC0-301F-11D3-BF4B-00C04F79EFBC}") = "Chirp.Web.Tests", "test\Chirp.Web.Tests\Chirp.Web.Tests.csproj", "{6B250041-C9B3-4E40-8344-B9272A619858}"
EndProject
Project("{FAE04EC0-301F-11D3-BF4B-00C04F79EFBC}") = "Chirp.Core", "src\Chirp.Core\Chirp.Core.csproj", "{1EC4DF94-5ADB-4D30-8472-3F752227FE92}"
EndProject
Project("{FAE04EC0-301F-11D3-BF4B-00C04F79EFBC}") = "Chirp.Infrastructure", "src\Chirp.Infrastructure\Chirp.Infrastructure.csproj", "{0073D863-177F-4DED-8D84-03CCEC26F3A4}"
EndProject
Project("{FAE04EC0-301F-11D3-BF4B-00C04F79EFBC}") = "Chirp.Web", "src\Chirp.Web\Chirp.Web.csproj", "{7AF792BB-BD13-480B-A0F1-951C9DECB594}"
EndProject
Project("{FAE04EC0-301F-11D3-BF4B-00C04F79EFBC}") = "PlaywrightTests", "test\PlaywrightTests\PlaywrightTests.csproj", "{F8F989CF-F254-46E3-A60D-1723AEDA5019}"
EndProject
Global
	GlobalSection(SolutionConfigurationPlatforms) = preSolution
		Debug|Any CPU = Debug|Any CPU
		Release|Any CPU = Release|Any CPU
	EndGlobalSection
	GlobalSection(SolutionProperties) = preSolution
		HideSolutionNode = FALSE
	EndGlobalSection
	GlobalSection(ProjectConfigurationPlatforms) = postSolution
		{6B250041-C9B3-4E40-8344-B9272A619858}.Debug|Any CPU.ActiveCfg = Debug|Any CPU
		{6B250041-C9B3-4E40-8344-B9272A619858}.Debug|Any CPU.Build.0 = Debug|Any CPU
		{6B250041-C9B3-4E40-8344-B9272A619858}.Release|Any CPU.ActiveCfg = Release|Any CPU
		{6B250041-C9B3-4E40-8344-B9272A619858}.Release|Any CPU.Build.0 = Release|Any CPU
		{1EC4DF94-5ADB-4D30-8472-3F752227FE92}.Debug|Any CPU.ActiveCfg = Debug|Any CPU
		{1EC4DF94-5ADB-4D30-8472-3F752227FE92}.Debug|Any CPU.Build.0 = Debug|Any CPU
		{1EC4DF94-5ADB-4D30-8472-3F752227FE92}.Release|Any CPU.ActiveCfg = Release|Any CPU
		{1EC4DF94-5ADB-4D30-8472-3F752227FE92}.Release|Any CPU.Build.0 = Release|Any CPU
		{0073D863-177F-4DED-8D84-03CCEC26F3A4}.Debug|Any CPU.ActiveCfg = Debug|Any CPU
		{0073D863-177F-4DED-8D84-03CCEC26F3A4}.Debug|Any CPU.Build.0 = Debug|Any CPU
		{0073D863-177F-4DED-8D84-03CCEC26F3A4}.Release|Any CPU.ActiveCfg = Release|Any CPU
		{0073D863-177F-4DED-8D84-03CCEC26F3A4}.Release|Any CPU.Build.0 = Release|Any CPU
		{7AF792BB-BD13-480B-A0F1-951C9DECB594}.Debug|Any CPU.ActiveCfg = Debug|Any CPU
		{7AF792BB-BD13-480B-A0F1-951C9DECB594}.Debug|Any CPU.Build.0 = Debug|Any CPU
		{7AF792BB-BD13-480B-A0F1-951C9DECB594}.Release|Any CPU.ActiveCfg = Release|Any CPU
		{7AF792BB-BD13-480B-A0F1-951C9DECB594}.Release|Any CPU.Build.0 = Release|Any CPU
		{F8F989CF-F254-46E3-A60D-1723AEDA5019}.Debug|Any CPU.ActiveCfg = Debug|Any CPU
		{F8F989CF-F254-46E3-A60D-1723AEDA5019}.Debug|Any CPU.Build.0 = Debug|Any CPU
		{F8F989CF-F254-46E3-A60D-1723AEDA5019}.Release|Any CPU.ActiveCfg = Release|Any CPU
		{F8F989CF-F254-46E3-A60D-1723AEDA5019}.Release|Any CPU.Build.0 = Release|Any CPU
	EndGlobalSection
	GlobalSection(NestedProjects) = preSolution
		{6B250041-C9B3-4E40-8344-B9272A619858} = {485872BE-FBD2-47BE-A5AC-8C7FF4971D47}
		{1EC4DF94-5ADB-4D30-8472-3F752227FE92} = {5AAD8A4E-2257-497E-9672-DCBEBD843548}
		{0073D863-177F-4DED-8D84-03CCEC26F3A4} = {5AAD8A4E-2257-497E-9672-DCBEBD843548}
		{7AF792BB-BD13-480B-A0F1-951C9DECB594} = {5AAD8A4E-2257-497E-9672-DCBEBD843548}
		{F8F989CF-F254-46E3-A60D-1723AEDA5019} = {485872BE-FBD2-47BE-A5AC-8C7FF4971D47}
	EndGlobalSection
EndGlobal
